
Microsoft Visual Studio Solution File, Format Version 12.00
# Visual Studio Version 17
VisualStudioVersion = 17.14.36811.4 d17.14
MinimumVisualStudioVersion = 10.0.40219.1
Project("{FAE04EC0-301F-11D3-BF4B-00C04F79EFBC}") = "Library", "Library\Library.csproj", "{13011BE9-3637-4AF4-A513-E7C1F5C07700}"
EndProject
Global
	GlobalSection(SolutionConfigurationPlatforms) = preSolution
		Debug|Any CPU = Debug|Any CPU
		Release|Any CPU = Release|Any CPU
	EndGlobalSection
	GlobalSection(ProjectConfigurationPlatforms) = postSolution
		{13011BE9-3637-4AF4-A513-E7C1F5C07700}.Debug|Any CPU.ActiveCfg = Debug|Any CPU
		{13011BE9-3637-4AF4-A513-E7C1F5C07700}.Debug|Any CPU.Build.0 = Debug|Any CPU
		{13011BE9-3637-4AF4-A513-E7C1F5C07700}.Release|Any CPU.ActiveCfg = Release|Any CPU
		{13011BE9-3637-4AF4-A513-E7C1F5C07700}.Release|Any CPU.Build.0 = Release|Any CPU
	EndGlobalSection
	GlobalSection(SolutionProperties) = preSolution
		HideSolutionNode = FALSE
	EndGlobalSection
	GlobalSection(ExtensibilityGlobals) = postSolution
		SolutionGuid = {92650525-5935-4D9E-ADC4-429A923A760C}
	EndGlobalSection
EndGlobal
